// !$*UTF8*$!
{
	archiveVersion = 1;
	classes = {
	};
	objectVersion = 46;
	objects = {

/* Begin PBXBuildFile section */
		B50F23D41A71CFD60050B4B0 /* NFRecordHTTP.m in Sources */ = {isa = PBXBuildFile; fileRef = B50F23D31A71CFD60050B4B0 /* NFRecordHTTP.m */; };
		B50F23D61A71E9B20050B4B0 /* NFRecordBaseTest.m in Sources */ = {isa = PBXBuildFile; fileRef = B50F23D51A71E9B20050B4B0 /* NFRecordBaseTest.m */; };
		B50F23DB1A71E9FD0050B4B0 /* NFTestDog.m in Sources */ = {isa = PBXBuildFile; fileRef = B50F23DA1A71E9FD0050B4B0 /* NFTestDog.m */; };
		B50F23E11A71FF300050B4B0 /* NFTestPerson.m in Sources */ = {isa = PBXBuildFile; fileRef = B50F23E01A71FF300050B4B0 /* NFTestPerson.m */; };
		B58F0AD61A7214CF003E4E6E /* NFRecordDatabaseConfiguration.m in Sources */ = {isa = PBXBuildFile; fileRef = B58F0AD51A7214CF003E4E6E /* NFRecordDatabaseConfiguration.m */; };
		B59401731A771295005C11ED /* NFRecordTransaction.m in Sources */ = {isa = PBXBuildFile; fileRef = B59401721A771295005C11ED /* NFRecordTransaction.m */; };
		B59401761A773D7C005C11ED /* NFRecordConfig.m in Sources */ = {isa = PBXBuildFile; fileRef = B59401751A773D7C005C11ED /* NFRecordConfig.m */; };
		B594017A1A7744B4005C11ED /* NFTestDb.xcdatamodeld in Sources */ = {isa = PBXBuildFile; fileRef = B59401781A7744B4005C11ED /* NFTestDb.xcdatamodeld */; };
		B5A42AA11A7076AA00822D08 /* NFRecord.h in CopyFiles */ = {isa = PBXBuildFile; fileRef = B5A42AA01A7076AA00822D08 /* NFRecord.h */; };
		B5A42AA91A7076AA00822D08 /* libNFRecord.a in Frameworks */ = {isa = PBXBuildFile; fileRef = B5A42A9D1A7076AA00822D08 /* libNFRecord.a */; };
		B5A42AB91A7076BE00822D08 /* NFRecordBase.m in Sources */ = {isa = PBXBuildFile; fileRef = B5A42AB81A7076BE00822D08 /* NFRecordBase.m */; };
		B5A42ABC1A70794A00822D08 /* NFRecordDatabase.m in Sources */ = {isa = PBXBuildFile; fileRef = B5A42ABB1A70794A00822D08 /* NFRecordDatabase.m */; };
		B5A42AC11A707B0F00822D08 /* NFRecordProperty.m in Sources */ = {isa = PBXBuildFile; fileRef = B5A42AC01A707B0F00822D08 /* NFRecordProperty.m */; };
		B5A42AD31A70A0A700822D08 /* NSString+NFRecord.m in Sources */ = {isa = PBXBuildFile; fileRef = B5A42AD21A70A0A700822D08 /* NSString+NFRecord.m */; };
		B5A42AD61A70A6EB00822D08 /* NSObject+NFRecord.m in Sources */ = {isa = PBXBuildFile; fileRef = B5A42AD51A70A6EB00822D08 /* NSObject+NFRecord.m */; };
		B5A42AD91A70A98A00822D08 /* NFRecordSerialization.m in Sources */ = {isa = PBXBuildFile; fileRef = B5A42AD81A70A98A00822D08 /* NFRecordSerialization.m */; };
		B5A42ADC1A70AE0700822D08 /* NSDate+NFRecord.m in Sources */ = {isa = PBXBuildFile; fileRef = B5A42ADB1A70AE0700822D08 /* NSDate+NFRecord.m */; };
		B5A42ADF1A70B15400822D08 /* NFRecordNotification.m in Sources */ = {isa = PBXBuildFile; fileRef = B5A42ADE1A70B15400822D08 /* NFRecordNotification.m */; };
		B5A42AE21A70B25300822D08 /* NFRecordFetchRequest.m in Sources */ = {isa = PBXBuildFile; fileRef = B5A42AE11A70B25300822D08 /* NFRecordFetchRequest.m */; };
		B5A42AE51A70B7AE00822D08 /* NSArray+NFRecord.m in Sources */ = {isa = PBXBuildFile; fileRef = B5A42AE41A70B7AE00822D08 /* NSArray+NFRecord.m */; };
		B5F3AA0D1A775DFA000C2258 /* MOTestDog.m in Sources */ = {isa = PBXBuildFile; fileRef = B5F3AA0C1A775DFA000C2258 /* MOTestDog.m */; };
/* End PBXBuildFile section */

/* Begin PBXContainerItemProxy section */
		B5A42AAA1A7076AA00822D08 /* PBXContainerItemProxy */ = {
			isa = PBXContainerItemProxy;
			containerPortal = B5A42A951A7076AA00822D08 /* Project object */;
			proxyType = 1;
			remoteGlobalIDString = B5A42A9C1A7076AA00822D08;
			remoteInfo = NFRecord;
		};
/* End PBXContainerItemProxy section */

/* Begin PBXCopyFilesBuildPhase section */
		B5A42A9B1A7076AA00822D08 /* CopyFiles */ = {
			isa = PBXCopyFilesBuildPhase;
			buildActionMask = 2147483647;
			dstPath = "include/$(PRODUCT_NAME)";
			dstSubfolderSpec = 16;
			files = (
				B5A42AA11A7076AA00822D08 /* NFRecord.h in CopyFiles */,
			);
			runOnlyForDeploymentPostprocessing = 0;
		};
/* End PBXCopyFilesBuildPhase section */

/* Begin PBXFileReference section */
		B50F23D21A71CFD60050B4B0 /* NFRecordHTTP.h */ = {isa = PBXFileReference; fileEncoding = 4; lastKnownFileType = sourcecode.c.h; path = NFRecordHTTP.h; sourceTree = "<group>"; };
		B50F23D31A71CFD60050B4B0 /* NFRecordHTTP.m */ = {isa = PBXFileReference; fileEncoding = 4; lastKnownFileType = sourcecode.c.objc; path = NFRecordHTTP.m; sourceTree = "<group>"; };
		B50F23D51A71E9B20050B4B0 /* NFRecordBaseTest.m */ = {isa = PBXFileReference; fileEncoding = 4; lastKnownFileType = sourcecode.c.objc; path = NFRecordBaseTest.m; sourceTree = "<group>"; };
		B50F23D91A71E9FD0050B4B0 /* NFTestDog.h */ = {isa = PBXFileReference; fileEncoding = 4; lastKnownFileType = sourcecode.c.h; path = NFTestDog.h; sourceTree = "<group>"; };
		B50F23DA1A71E9FD0050B4B0 /* NFTestDog.m */ = {isa = PBXFileReference; fileEncoding = 4; lastKnownFileType = sourcecode.c.objc; path = NFTestDog.m; sourceTree = "<group>"; };
		B50F23DF1A71FF300050B4B0 /* NFTestPerson.h */ = {isa = PBXFileReference; fileEncoding = 4; lastKnownFileType = sourcecode.c.h; path = NFTestPerson.h; sourceTree = "<group>"; };
		B50F23E01A71FF300050B4B0 /* NFTestPerson.m */ = {isa = PBXFileReference; fileEncoding = 4; lastKnownFileType = sourcecode.c.objc; path = NFTestPerson.m; sourceTree = "<group>"; };
		B58F0AD41A7214CF003E4E6E /* NFRecordDatabaseConfiguration.h */ = {isa = PBXFileReference; fileEncoding = 4; lastKnownFileType = sourcecode.c.h; path = NFRecordDatabaseConfiguration.h; sourceTree = "<group>"; };
		B58F0AD51A7214CF003E4E6E /* NFRecordDatabaseConfiguration.m */ = {isa = PBXFileReference; fileEncoding = 4; lastKnownFileType = sourcecode.c.objc; path = NFRecordDatabaseConfiguration.m; sourceTree = "<group>"; };
		B59401711A771295005C11ED /* NFRecordTransaction.h */ = {isa = PBXFileReference; fileEncoding = 4; lastKnownFileType = sourcecode.c.h; path = NFRecordTransaction.h; sourceTree = "<group>"; };
		B59401721A771295005C11ED /* NFRecordTransaction.m */ = {isa = PBXFileReference; fileEncoding = 4; lastKnownFileType = sourcecode.c.objc; path = NFRecordTransaction.m; sourceTree = "<group>"; };
		B59401741A773D7C005C11ED /* NFRecordConfig.h */ = {isa = PBXFileReference; fileEncoding = 4; lastKnownFileType = sourcecode.c.h; path = NFRecordConfig.h; sourceTree = "<group>"; };
		B59401751A773D7C005C11ED /* NFRecordConfig.m */ = {isa = PBXFileReference; fileEncoding = 4; lastKnownFileType = sourcecode.c.objc; path = NFRecordConfig.m; sourceTree = "<group>"; };
		B59401791A7744B4005C11ED /* NFTestDb.xcdatamodel */ = {isa = PBXFileReference; lastKnownFileType = wrapper.xcdatamodel; path = NFTestDb.xcdatamodel; sourceTree = "<group>"; };
		B5A42A9D1A7076AA00822D08 /* libNFRecord.a */ = {isa = PBXFileReference; explicitFileType = archive.ar; includeInIndex = 0; path = libNFRecord.a; sourceTree = BUILT_PRODUCTS_DIR; };
		B5A42AA01A7076AA00822D08 /* NFRecord.h */ = {isa = PBXFileReference; lastKnownFileType = sourcecode.c.h; path = NFRecord.h; sourceTree = "<group>"; };
		B5A42AA81A7076AA00822D08 /* NFRecordTests.xctest */ = {isa = PBXFileReference; explicitFileType = wrapper.cfbundle; includeInIndex = 0; path = NFRecordTests.xctest; sourceTree = BUILT_PRODUCTS_DIR; };
		B5A42AAE1A7076AA00822D08 /* Info.plist */ = {isa = PBXFileReference; lastKnownFileType = text.plist.xml; path = Info.plist; sourceTree = "<group>"; };
		B5A42AB71A7076BE00822D08 /* NFRecordBase.h */ = {isa = PBXFileReference; fileEncoding = 4; lastKnownFileType = sourcecode.c.h; path = NFRecordBase.h; sourceTree = "<group>"; };
		B5A42AB81A7076BE00822D08 /* NFRecordBase.m */ = {isa = PBXFileReference; fileEncoding = 4; lastKnownFileType = sourcecode.c.objc; path = NFRecordBase.m; sourceTree = "<group>"; };
		B5A42ABA1A70794A00822D08 /* NFRecordDatabase.h */ = {isa = PBXFileReference; fileEncoding = 4; lastKnownFileType = sourcecode.c.h; path = NFRecordDatabase.h; sourceTree = "<group>"; };
		B5A42ABB1A70794A00822D08 /* NFRecordDatabase.m */ = {isa = PBXFileReference; fileEncoding = 4; lastKnownFileType = sourcecode.c.objc; path = NFRecordDatabase.m; sourceTree = "<group>"; };
		B5A42ABF1A707B0F00822D08 /* NFRecordProperty.h */ = {isa = PBXFileReference; fileEncoding = 4; lastKnownFileType = sourcecode.c.h; path = NFRecordProperty.h; sourceTree = "<group>"; };
		B5A42AC01A707B0F00822D08 /* NFRecordProperty.m */ = {isa = PBXFileReference; fileEncoding = 4; lastKnownFileType = sourcecode.c.objc; path = NFRecordProperty.m; sourceTree = "<group>"; };
		B5A42AC41A707B9900822D08 /* NFRecordPrefix.pch */ = {isa = PBXFileReference; fileEncoding = 4; lastKnownFileType = sourcecode.c.h; path = NFRecordPrefix.pch; sourceTree = "<group>"; };
		B5A42AC51A707BE700822D08 /* NFRecordDebugging.h */ = {isa = PBXFileReference; fileEncoding = 4; lastKnownFileType = sourcecode.c.h; path = NFRecordDebugging.h; sourceTree = "<group>"; };
		B5A42AD11A70A0A700822D08 /* NSString+NFRecord.h */ = {isa = PBXFileReference; fileEncoding = 4; lastKnownFileType = sourcecode.c.h; path = "NSString+NFRecord.h"; sourceTree = "<group>"; };
		B5A42AD21A70A0A700822D08 /* NSString+NFRecord.m */ = {isa = PBXFileReference; fileEncoding = 4; lastKnownFileType = sourcecode.c.objc; path = "NSString+NFRecord.m"; sourceTree = "<group>"; };
		B5A42AD41A70A6EB00822D08 /* NSObject+NFRecord.h */ = {isa = PBXFileReference; fileEncoding = 4; lastKnownFileType = sourcecode.c.h; path = "NSObject+NFRecord.h"; sourceTree = "<group>"; };
		B5A42AD51A70A6EB00822D08 /* NSObject+NFRecord.m */ = {isa = PBXFileReference; fileEncoding = 4; lastKnownFileType = sourcecode.c.objc; path = "NSObject+NFRecord.m"; sourceTree = "<group>"; };
		B5A42AD71A70A98A00822D08 /* NFRecordSerialization.h */ = {isa = PBXFileReference; fileEncoding = 4; lastKnownFileType = sourcecode.c.h; path = NFRecordSerialization.h; sourceTree = "<group>"; };
		B5A42AD81A70A98A00822D08 /* NFRecordSerialization.m */ = {isa = PBXFileReference; fileEncoding = 4; lastKnownFileType = sourcecode.c.objc; path = NFRecordSerialization.m; sourceTree = "<group>"; };
		B5A42ADA1A70AE0700822D08 /* NSDate+NFRecord.h */ = {isa = PBXFileReference; fileEncoding = 4; lastKnownFileType = sourcecode.c.h; path = "NSDate+NFRecord.h"; sourceTree = "<group>"; };
		B5A42ADB1A70AE0700822D08 /* NSDate+NFRecord.m */ = {isa = PBXFileReference; fileEncoding = 4; lastKnownFileType = sourcecode.c.objc; path = "NSDate+NFRecord.m"; sourceTree = "<group>"; };
		B5A42ADD1A70B15400822D08 /* NFRecordNotification.h */ = {isa = PBXFileReference; fileEncoding = 4; lastKnownFileType = sourcecode.c.h; path = NFRecordNotification.h; sourceTree = "<group>"; };
		B5A42ADE1A70B15400822D08 /* NFRecordNotification.m */ = {isa = PBXFileReference; fileEncoding = 4; lastKnownFileType = sourcecode.c.objc; path = NFRecordNotification.m; sourceTree = "<group>"; };
		B5A42AE01A70B25300822D08 /* NFRecordFetchRequest.h */ = {isa = PBXFileReference; fileEncoding = 4; lastKnownFileType = sourcecode.c.h; path = NFRecordFetchRequest.h; sourceTree = "<group>"; };
		B5A42AE11A70B25300822D08 /* NFRecordFetchRequest.m */ = {isa = PBXFileReference; fileEncoding = 4; lastKnownFileType = sourcecode.c.objc; path = NFRecordFetchRequest.m; sourceTree = "<group>"; };
		B5A42AE31A70B7AE00822D08 /* NSArray+NFRecord.h */ = {isa = PBXFileReference; fileEncoding = 4; lastKnownFileType = sourcecode.c.h; path = "NSArray+NFRecord.h"; sourceTree = "<group>"; };
		B5A42AE41A70B7AE00822D08 /* NSArray+NFRecord.m */ = {isa = PBXFileReference; fileEncoding = 4; lastKnownFileType = sourcecode.c.objc; path = "NSArray+NFRecord.m"; sourceTree = "<group>"; };
		B5A42AE61A70C35000822D08 /* README.md */ = {isa = PBXFileReference; fileEncoding = 4; lastKnownFileType = net.daringfireball.markdown; path = README.md; sourceTree = "<group>"; };
		B5A42AE81A70C43800822D08 /* NFRecord.podspec */ = {isa = PBXFileReference; fileEncoding = 4; lastKnownFileType = text; path = NFRecord.podspec; sourceTree = "<group>"; };
		B5F3AA0B1A775DFA000C2258 /* MOTestDog.h */ = {isa = PBXFileReference; fileEncoding = 4; lastKnownFileType = sourcecode.c.h; path = MOTestDog.h; sourceTree = "<group>"; };
		B5F3AA0C1A775DFA000C2258 /* MOTestDog.m */ = {isa = PBXFileReference; fileEncoding = 4; lastKnownFileType = sourcecode.c.objc; path = MOTestDog.m; sourceTree = "<group>"; };
/* End PBXFileReference section */

/* Begin PBXFrameworksBuildPhase section */
		B5A42A9A1A7076AA00822D08 /* Frameworks */ = {
			isa = PBXFrameworksBuildPhase;
			buildActionMask = 2147483647;
			files = (
			);
			runOnlyForDeploymentPostprocessing = 0;
		};
		B5A42AA51A7076AA00822D08 /* Frameworks */ = {
			isa = PBXFrameworksBuildPhase;
			buildActionMask = 2147483647;
			files = (
				B5A42AA91A7076AA00822D08 /* libNFRecord.a in Frameworks */,
			);
			runOnlyForDeploymentPostprocessing = 0;
		};
/* End PBXFrameworksBuildPhase section */

/* Begin PBXGroup section */
		B50F23D11A71CECF0050B4B0 /* Networking */ = {
			isa = PBXGroup;
			children = (
				B50F23D21A71CFD60050B4B0 /* NFRecordHTTP.h */,
				B50F23D31A71CFD60050B4B0 /* NFRecordHTTP.m */,
			);
			name = Networking;
			sourceTree = "<group>";
		};
		B50F23D71A71E9D70050B4B0 /* Classes */ = {
			isa = PBXGroup;
			children = (
				B50F23D91A71E9FD0050B4B0 /* NFTestDog.h */,
				B50F23DA1A71E9FD0050B4B0 /* NFTestDog.m */,
				B50F23DF1A71FF300050B4B0 /* NFTestPerson.h */,
				B50F23E01A71FF300050B4B0 /* NFTestPerson.m */,
			);
			name = Classes;
			sourceTree = "<group>";
		};
		B50F23D81A71E9E10050B4B0 /* Tests */ = {
			isa = PBXGroup;
			children = (
			);
			name = Tests;
			sourceTree = "<group>";
		};
		B59401771A7744A1005C11ED /* Database */ = {
			isa = PBXGroup;
			children = (
				B59401781A7744B4005C11ED /* NFTestDb.xcdatamodeld */,
				B5F3AA0B1A775DFA000C2258 /* MOTestDog.h */,
				B5F3AA0C1A775DFA000C2258 /* MOTestDog.m */,
			);
			name = Database;
			sourceTree = "<group>";
		};
		B5A42A941A7076AA00822D08 = {
			isa = PBXGroup;
			children = (
				B5A42AE61A70C35000822D08 /* README.md */,
				B5A42AE81A70C43800822D08 /* NFRecord.podspec */,
				B5A42A9F1A7076AA00822D08 /* NFRecord */,
				B5A42AAC1A7076AA00822D08 /* NFRecordTests */,
				B5A42A9E1A7076AA00822D08 /* Products */,
			);
			sourceTree = "<group>";
		};
		B5A42A9E1A7076AA00822D08 /* Products */ = {
			isa = PBXGroup;
			children = (
				B5A42A9D1A7076AA00822D08 /* libNFRecord.a */,
				B5A42AA81A7076AA00822D08 /* NFRecordTests.xctest */,
			);
			name = Products;
			sourceTree = "<group>";
		};
		B5A42A9F1A7076AA00822D08 /* NFRecord */ = {
			isa = PBXGroup;
			children = (
				B5A42AA01A7076AA00822D08 /* NFRecord.h */,
				B5A42ACF1A70A08600822D08 /* Model */,
				B5A42AD01A70A09500822D08 /* Categories */,
				B5A42ABD1A7079D300822D08 /* Persistence */,
				B50F23D11A71CECF0050B4B0 /* Networking */,
				B5A42AC21A707B8300822D08 /* Supporting Files */,
				B5A42ABE1A7079FD00822D08 /* Reflection */,
			);
			path = NFRecord;
			sourceTree = "<group>";
		};
		B5A42AAC1A7076AA00822D08 /* NFRecordTests */ = {
			isa = PBXGroup;
			children = (
				B59401771A7744A1005C11ED /* Database */,
				B50F23D71A71E9D70050B4B0 /* Classes */,
				B50F23D81A71E9E10050B4B0 /* Tests */,
				B50F23D51A71E9B20050B4B0 /* NFRecordBaseTest.m */,
				B5A42AAD1A7076AA00822D08 /* Supporting Files */,
			);
			path = NFRecordTests;
			sourceTree = "<group>";
		};
		B5A42AAD1A7076AA00822D08 /* Supporting Files */ = {
			isa = PBXGroup;
			children = (
				B5A42AAE1A7076AA00822D08 /* Info.plist */,
			);
			name = "Supporting Files";
			sourceTree = "<group>";
		};
		B5A42ABD1A7079D300822D08 /* Persistence */ = {
			isa = PBXGroup;
			children = (
				B5A42AE01A70B25300822D08 /* NFRecordFetchRequest.h */,
				B5A42AE11A70B25300822D08 /* NFRecordFetchRequest.m */,
				B5A42ABA1A70794A00822D08 /* NFRecordDatabase.h */,
				B5A42ABB1A70794A00822D08 /* NFRecordDatabase.m */,
				B58F0AD41A7214CF003E4E6E /* NFRecordDatabaseConfiguration.h */,
				B58F0AD51A7214CF003E4E6E /* NFRecordDatabaseConfiguration.m */,
				B59401711A771295005C11ED /* NFRecordTransaction.h */,
				B59401721A771295005C11ED /* NFRecordTransaction.m */,
			);
			name = Persistence;
			sourceTree = "<group>";
		};
		B5A42ABE1A7079FD00822D08 /* Reflection */ = {
			isa = PBXGroup;
			children = (
				B5A42ABF1A707B0F00822D08 /* NFRecordProperty.h */,
				B5A42AC01A707B0F00822D08 /* NFRecordProperty.m */,
			);
			name = Reflection;
			sourceTree = "<group>";
		};
		B5A42AC21A707B8300822D08 /* Supporting Files */ = {
			isa = PBXGroup;
			children = (
				B5A42ADD1A70B15400822D08 /* NFRecordNotification.h */,
				B5A42ADE1A70B15400822D08 /* NFRecordNotification.m */,
				B5A42AC51A707BE700822D08 /* NFRecordDebugging.h */,
				B5A42AC41A707B9900822D08 /* NFRecordPrefix.pch */,
			);
			name = "Supporting Files";
			sourceTree = "<group>";
		};
		B5A42ACF1A70A08600822D08 /* Model */ = {
			isa = PBXGroup;
			children = (
				B5A42AB71A7076BE00822D08 /* NFRecordBase.h */,
				B5A42AB81A7076BE00822D08 /* NFRecordBase.m */,
				B5A42AD71A70A98A00822D08 /* NFRecordSerialization.h */,
				B5A42AD81A70A98A00822D08 /* NFRecordSerialization.m */,
				B59401741A773D7C005C11ED /* NFRecordConfig.h */,
				B59401751A773D7C005C11ED /* NFRecordConfig.m */,
			);
			name = Model;
			sourceTree = "<group>";
		};
		B5A42AD01A70A09500822D08 /* Categories */ = {
			isa = PBXGroup;
			children = (
				B5A42AE31A70B7AE00822D08 /* NSArray+NFRecord.h */,
				B5A42AE41A70B7AE00822D08 /* NSArray+NFRecord.m */,
				B5A42AD11A70A0A700822D08 /* NSString+NFRecord.h */,
				B5A42AD21A70A0A700822D08 /* NSString+NFRecord.m */,
				B5A42AD41A70A6EB00822D08 /* NSObject+NFRecord.h */,
				B5A42AD51A70A6EB00822D08 /* NSObject+NFRecord.m */,
				B5A42ADA1A70AE0700822D08 /* NSDate+NFRecord.h */,
				B5A42ADB1A70AE0700822D08 /* NSDate+NFRecord.m */,
			);
			name = Categories;
			sourceTree = "<group>";
		};
/* End PBXGroup section */

/* Begin PBXNativeTarget section */
		B5A42A9C1A7076AA00822D08 /* NFRecord */ = {
			isa = PBXNativeTarget;
			buildConfigurationList = B5A42AB11A7076AA00822D08 /* Build configuration list for PBXNativeTarget "NFRecord" */;
			buildPhases = (
				B5A42A991A7076AA00822D08 /* Sources */,
				B5A42A9A1A7076AA00822D08 /* Frameworks */,
				B5A42A9B1A7076AA00822D08 /* CopyFiles */,
			);
			buildRules = (
			);
			dependencies = (
			);
			name = NFRecord;
			productName = NFRecord;
			productReference = B5A42A9D1A7076AA00822D08 /* libNFRecord.a */;
			productType = "com.apple.product-type.library.static";
		};
		B5A42AA71A7076AA00822D08 /* NFRecordTests */ = {
			isa = PBXNativeTarget;
			buildConfigurationList = B5A42AB41A7076AA00822D08 /* Build configuration list for PBXNativeTarget "NFRecordTests" */;
			buildPhases = (
				B5A42AA41A7076AA00822D08 /* Sources */,
				B5A42AA51A7076AA00822D08 /* Frameworks */,
				B5A42AA61A7076AA00822D08 /* Resources */,
			);
			buildRules = (
			);
			dependencies = (
				B5A42AAB1A7076AA00822D08 /* PBXTargetDependency */,
			);
			name = NFRecordTests;
			productName = NFRecordTests;
			productReference = B5A42AA81A7076AA00822D08 /* NFRecordTests.xctest */;
			productType = "com.apple.product-type.bundle.unit-test";
		};
/* End PBXNativeTarget section */

/* Begin PBXProject section */
		B5A42A951A7076AA00822D08 /* Project object */ = {
			isa = PBXProject;
			attributes = {
				LastUpgradeCheck = 0610;
				ORGANIZATIONNAME = NextFaze;
				TargetAttributes = {
					B5A42A9C1A7076AA00822D08 = {
						CreatedOnToolsVersion = 6.1.1;
					};
					B5A42AA71A7076AA00822D08 = {
						CreatedOnToolsVersion = 6.1.1;
					};
				};
			};
			buildConfigurationList = B5A42A981A7076AA00822D08 /* Build configuration list for PBXProject "NFRecord" */;
			compatibilityVersion = "Xcode 3.2";
			developmentRegion = English;
			hasScannedForEncodings = 0;
			knownRegions = (
				en,
			);
			mainGroup = B5A42A941A7076AA00822D08;
			productRefGroup = B5A42A9E1A7076AA00822D08 /* Products */;
			projectDirPath = "";
			projectRoot = "";
			targets = (
				B5A42A9C1A7076AA00822D08 /* NFRecord */,
				B5A42AA71A7076AA00822D08 /* NFRecordTests */,
			);
		};
/* End PBXProject section */

/* Begin PBXResourcesBuildPhase section */
		B5A42AA61A7076AA00822D08 /* Resources */ = {
			isa = PBXResourcesBuildPhase;
			buildActionMask = 2147483647;
			files = (
			);
			runOnlyForDeploymentPostprocessing = 0;
		};
/* End PBXResourcesBuildPhase section */

/* Begin PBXSourcesBuildPhase section */
		B5A42A991A7076AA00822D08 /* Sources */ = {
			isa = PBXSourcesBuildPhase;
			buildActionMask = 2147483647;
			files = (
				B5A42AC11A707B0F00822D08 /* NFRecordProperty.m in Sources */,
				B5A42ADF1A70B15400822D08 /* NFRecordNotification.m in Sources */,
				B59401761A773D7C005C11ED /* NFRecordConfig.m in Sources */,
				B5A42ADC1A70AE0700822D08 /* NSDate+NFRecord.m in Sources */,
				B5A42AE21A70B25300822D08 /* NFRecordFetchRequest.m in Sources */,
				B5A42AD91A70A98A00822D08 /* NFRecordSerialization.m in Sources */,
				B59401731A771295005C11ED /* NFRecordTransaction.m in Sources */,
				B50F23D41A71CFD60050B4B0 /* NFRecordHTTP.m in Sources */,
				B5A42AB91A7076BE00822D08 /* NFRecordBase.m in Sources */,
				B5A42AD61A70A6EB00822D08 /* NSObject+NFRecord.m in Sources */,
				B5A42AE51A70B7AE00822D08 /* NSArray+NFRecord.m in Sources */,
				B5A42AD31A70A0A700822D08 /* NSString+NFRecord.m in Sources */,
				B58F0AD61A7214CF003E4E6E /* NFRecordDatabaseConfiguration.m in Sources */,
				B5A42ABC1A70794A00822D08 /* NFRecordDatabase.m in Sources */,
			);
			runOnlyForDeploymentPostprocessing = 0;
		};
		B5A42AA41A7076AA00822D08 /* Sources */ = {
			isa = PBXSourcesBuildPhase;
			buildActionMask = 2147483647;
			files = (
				B50F23DB1A71E9FD0050B4B0 /* NFTestDog.m in Sources */,
				B50F23E11A71FF300050B4B0 /* NFTestPerson.m in Sources */,
				B50F23D61A71E9B20050B4B0 /* NFRecordBaseTest.m in Sources */,
				B594017A1A7744B4005C11ED /* NFTestDb.xcdatamodeld in Sources */,
				B5F3AA0D1A775DFA000C2258 /* MOTestDog.m in Sources */,
			);
			runOnlyForDeploymentPostprocessing = 0;
		};
/* End PBXSourcesBuildPhase section */

/* Begin PBXTargetDependency section */
		B5A42AAB1A7076AA00822D08 /* PBXTargetDependency */ = {
			isa = PBXTargetDependency;
			target = B5A42A9C1A7076AA00822D08 /* NFRecord */;
			targetProxy = B5A42AAA1A7076AA00822D08 /* PBXContainerItemProxy */;
		};
/* End PBXTargetDependency section */

/* Begin XCBuildConfiguration section */
		B5A42AAF1A7076AA00822D08 /* Debug */ = {
			isa = XCBuildConfiguration;
			buildSettings = {
				ALWAYS_SEARCH_USER_PATHS = NO;
				CLANG_CXX_LANGUAGE_STANDARD = "gnu++0x";
				CLANG_CXX_LIBRARY = "libc++";
				CLANG_ENABLE_MODULES = YES;
				CLANG_ENABLE_OBJC_ARC = YES;
				CLANG_WARN_BOOL_CONVERSION = YES;
				CLANG_WARN_CONSTANT_CONVERSION = YES;
				CLANG_WARN_DIRECT_OBJC_ISA_USAGE = YES_ERROR;
				CLANG_WARN_EMPTY_BODY = YES;
				CLANG_WARN_ENUM_CONVERSION = YES;
				CLANG_WARN_INT_CONVERSION = YES;
				CLANG_WARN_OBJC_ROOT_CLASS = YES_ERROR;
				CLANG_WARN_UNREACHABLE_CODE = YES;
				CLANG_WARN__DUPLICATE_METHOD_MATCH = YES;
				COPY_PHASE_STRIP = NO;
				ENABLE_STRICT_OBJC_MSGSEND = YES;
				GCC_C_LANGUAGE_STANDARD = gnu99;
				GCC_DYNAMIC_NO_PIC = NO;
				GCC_OPTIMIZATION_LEVEL = 0;
				GCC_PREPROCESSOR_DEFINITIONS = (
					"DEBUG=1",
					"$(inherited)",
				);
				GCC_SYMBOLS_PRIVATE_EXTERN = NO;
				GCC_WARN_64_TO_32_BIT_CONVERSION = YES;
				GCC_WARN_ABOUT_RETURN_TYPE = YES_ERROR;
				GCC_WARN_UNDECLARED_SELECTOR = YES;
				GCC_WARN_UNINITIALIZED_AUTOS = YES_AGGRESSIVE;
				GCC_WARN_UNUSED_FUNCTION = YES;
				GCC_WARN_UNUSED_VARIABLE = YES;
				IPHONEOS_DEPLOYMENT_TARGET = 8.1;
				MTL_ENABLE_DEBUG_INFO = YES;
				ONLY_ACTIVE_ARCH = YES;
				OTHER_LDFLAGS = (
					"-ObjC",
					"-all_load",
				);
				SDKROOT = iphoneos;
			};
			name = Debug;
		};
		B5A42AB01A7076AA00822D08 /* Release */ = {
			isa = XCBuildConfiguration;
			buildSettings = {
				ALWAYS_SEARCH_USER_PATHS = NO;
				CLANG_CXX_LANGUAGE_STANDARD = "gnu++0x";
				CLANG_CXX_LIBRARY = "libc++";
				CLANG_ENABLE_MODULES = YES;
				CLANG_ENABLE_OBJC_ARC = YES;
				CLANG_WARN_BOOL_CONVERSION = YES;
				CLANG_WARN_CONSTANT_CONVERSION = YES;
				CLANG_WARN_DIRECT_OBJC_ISA_USAGE = YES_ERROR;
				CLANG_WARN_EMPTY_BODY = YES;
				CLANG_WARN_ENUM_CONVERSION = YES;
				CLANG_WARN_INT_CONVERSION = YES;
				CLANG_WARN_OBJC_ROOT_CLASS = YES_ERROR;
				CLANG_WARN_UNREACHABLE_CODE = YES;
				CLANG_WARN__DUPLICATE_METHOD_MATCH = YES;
				COPY_PHASE_STRIP = YES;
				ENABLE_NS_ASSERTIONS = NO;
				ENABLE_STRICT_OBJC_MSGSEND = YES;
				GCC_C_LANGUAGE_STANDARD = gnu99;
				GCC_WARN_64_TO_32_BIT_CONVERSION = YES;
				GCC_WARN_ABOUT_RETURN_TYPE = YES_ERROR;
				GCC_WARN_UNDECLARED_SELECTOR = YES;
				GCC_WARN_UNINITIALIZED_AUTOS = YES_AGGRESSIVE;
				GCC_WARN_UNUSED_FUNCTION = YES;
				GCC_WARN_UNUSED_VARIABLE = YES;
				IPHONEOS_DEPLOYMENT_TARGET = 8.1;
				MTL_ENABLE_DEBUG_INFO = NO;
				OTHER_LDFLAGS = (
					"-ObjC",
					"-all_load",
				);
				SDKROOT = iphoneos;
				VALIDATE_PRODUCT = YES;
			};
			name = Release;
		};
		B5A42AB21A7076AA00822D08 /* Debug */ = {
			isa = XCBuildConfiguration;
			buildSettings = {
				GCC_PREFIX_HEADER = NFRecord/NFRecordPrefix.pch;
				OTHER_LDFLAGS = "-ObjC";
				PRODUCT_NAME = "$(TARGET_NAME)";
				SKIP_INSTALL = YES;
			};
			name = Debug;
		};
		B5A42AB31A7076AA00822D08 /* Release */ = {
			isa = XCBuildConfiguration;
			buildSettings = {
				GCC_PREFIX_HEADER = NFRecord/NFRecordPrefix.pch;
				OTHER_LDFLAGS = "-ObjC";
				PRODUCT_NAME = "$(TARGET_NAME)";
				SKIP_INSTALL = YES;
			};
			name = Release;
		};
		B5A42AB51A7076AA00822D08 /* Debug */ = {
			isa = XCBuildConfiguration;
			buildSettings = {
				FRAMEWORK_SEARCH_PATHS = (
					"$(SDKROOT)/Developer/Library/Frameworks",
					"$(inherited)",
				);
				GCC_PREPROCESSOR_DEFINITIONS = (
					"DEBUG=1",
					"$(inherited)",
				);
				INFOPLIST_FILE = NFRecordTests/Info.plist;
				LD_RUNPATH_SEARCH_PATHS = "$(inherited) @executable_path/Frameworks @loader_path/Frameworks";
				PRODUCT_NAME = "$(TARGET_NAME)";
			};
			name = Debug;
		};
		B5A42AB61A7076AA00822D08 /* Release */ = {
			isa = XCBuildConfiguration;
			buildSettings = {
				FRAMEWORK_SEARCH_PATHS = (
					"$(SDKROOT)/Developer/Library/Frameworks",
					"$(inherited)",
				);
				INFOPLIST_FILE = NFRecordTests/Info.plist;
				LD_RUNPATH_SEARCH_PATHS = "$(inherited) @executable_path/Frameworks @loader_path/Frameworks";
				PRODUCT_NAME = "$(TARGET_NAME)";
			};
			name = Release;
		};
/* End XCBuildConfiguration section */

/* Begin XCConfigurationList section */
		B5A42A981A7076AA00822D08 /* Build configuration list for PBXProject "NFRecord" */ = {
			isa = XCConfigurationList;
			buildConfigurations = (
				B5A42AAF1A7076AA00822D08 /* Debug */,
				B5A42AB01A7076AA00822D08 /* Release */,
			);
			defaultConfigurationIsVisible = 0;
			defaultConfigurationName = Release;
		};
		B5A42AB11A7076AA00822D08 /* Build configuration list for PBXNativeTarget "NFRecord" */ = {
			isa = XCConfigurationList;
			buildConfigurations = (
				B5A42AB21A7076AA00822D08 /* Debug */,
				B5A42AB31A7076AA00822D08 /* Release */,
			);
			defaultConfigurationIsVisible = 0;
			defaultConfigurationName = Release;
		};
		B5A42AB41A7076AA00822D08 /* Build configuration list for PBXNativeTarget "NFRecordTests" */ = {
			isa = XCConfigurationList;
			buildConfigurations = (
				B5A42AB51A7076AA00822D08 /* Debug */,
				B5A42AB61A7076AA00822D08 /* Release */,
			);
			defaultConfigurationIsVisible = 0;
			defaultConfigurationName = Release;
		};
/* End XCConfigurationList section */

/* Begin XCVersionGroup section */
		B59401781A7744B4005C11ED /* NFTestDb.xcdatamodeld */ = {
			isa = XCVersionGroup;
			children = (
				B59401791A7744B4005C11ED /* NFTestDb.xcdatamodel */,
			);
			currentVersion = B59401791A7744B4005C11ED /* NFTestDb.xcdatamodel */;
			path = NFTestDb.xcdatamodeld;
			sourceTree = "<group>";
			versionGroupType = wrapper.xcdatamodel;
		};
/* End XCVersionGroup section */
	};
	rootObject = B5A42A951A7076AA00822D08 /* Project object */;
}
